// !$*UTF8*$!
{
	archiveVersion = 1;
	classes = {
	};
	objectVersion = 51;
	objects = {

/* Begin PBXBuildFile section */
		0A9CB1AC5333EF3AAB258028 /* Pods_Memory.framework in Frameworks */ = {isa = PBXBuildFile; fileRef = C7938299BEE333E1DB6C2E75 /* Pods_Memory.framework */; };
		464EEF9F223E63A500C6A40D /* SignUpViewController.swift in Sources */ = {isa = PBXBuildFile; fileRef = 464EEF9E223E63A500C6A40D /* SignUpViewController.swift */; };
		464EEFA1223E95C400C6A40D /* SignUpViewModel.swift in Sources */ = {isa = PBXBuildFile; fileRef = 464EEFA0223E95C400C6A40D /* SignUpViewModel.swift */; };
		464EEFA5223E970A00C6A40D /* TextFieldTableViewCell.swift in Sources */ = {isa = PBXBuildFile; fileRef = 464EEFA3223E970A00C6A40D /* TextFieldTableViewCell.swift */; };
		464EEFA6223E970A00C6A40D /* TextFieldTableViewCell.xib in Resources */ = {isa = PBXBuildFile; fileRef = 464EEFA4223E970A00C6A40D /* TextFieldTableViewCell.xib */; };
		464EEFAD223EB56D00C6A40D /* TextFieldCellViewModel.swift in Sources */ = {isa = PBXBuildFile; fileRef = 464EEFAC223EB56D00C6A40D /* TextFieldCellViewModel.swift */; };
		465A47B422D34F5700647EA6 /* Create.storyboard in Resources */ = {isa = PBXBuildFile; fileRef = 465A47B322D34F5700647EA6 /* Create.storyboard */; };
		465A47B622D350B900647EA6 /* Explore.storyboard in Resources */ = {isa = PBXBuildFile; fileRef = 465A47B522D350B900647EA6 /* Explore.storyboard */; };
		465A47B922D35CF500647EA6 /* PhoneNumberViewController.swift in Sources */ = {isa = PBXBuildFile; fileRef = 465A47B822D35CF500647EA6 /* PhoneNumberViewController.swift */; };
		465A47BE22D3C7C800647EA6 /* LoginToContinueViewController.swift in Sources */ = {isa = PBXBuildFile; fileRef = 465A47BD22D3C7C800647EA6 /* LoginToContinueViewController.swift */; };
		465A47C022D3CF5000647EA6 /* PhoneNumberViewModel.swift in Sources */ = {isa = PBXBuildFile; fileRef = 465A47BF22D3CF5000647EA6 /* PhoneNumberViewModel.swift */; };
		465A47C222D4742F00647EA6 /* CountryData.json in Resources */ = {isa = PBXBuildFile; fileRef = 465A47C122D4742F00647EA6 /* CountryData.json */; };
		465A47C522D487B300647EA6 /* CountryCodeViewController.swift in Sources */ = {isa = PBXBuildFile; fileRef = 465A47C422D487B300647EA6 /* CountryCodeViewController.swift */; };
		465A47C722D49CC100647EA6 /* CountryCodeViewModel.swift in Sources */ = {isa = PBXBuildFile; fileRef = 465A47C622D49CC100647EA6 /* CountryCodeViewModel.swift */; };
		465A47CA22D49E6300647EA6 /* CountryCodeModel.swift in Sources */ = {isa = PBXBuildFile; fileRef = 465A47C922D49E6300647EA6 /* CountryCodeModel.swift */; };
		465A47CD22D4A15300647EA6 /* CountryCodeTableCell.swift in Sources */ = {isa = PBXBuildFile; fileRef = 465A47CC22D4A15300647EA6 /* CountryCodeTableCell.swift */; };
		465A47D022D5B5FA00647EA6 /* OTPViewController.swift in Sources */ = {isa = PBXBuildFile; fileRef = 465A47CF22D5B5FA00647EA6 /* OTPViewController.swift */; };
		465CB38122CFA49E002D2B4B /* VerificationView.swift in Sources */ = {isa = PBXBuildFile; fileRef = 465CB38022CFA49D002D2B4B /* VerificationView.swift */; };
		465CB38422D120FF002D2B4B /* ProfilePhotoViewController.swift in Sources */ = {isa = PBXBuildFile; fileRef = 465CB38322D120FF002D2B4B /* ProfilePhotoViewController.swift */; };
		465CB38622D1C476002D2B4B /* AWSHandler.swift in Sources */ = {isa = PBXBuildFile; fileRef = 465CB38522D1C476002D2B4B /* AWSHandler.swift */; };
		465CB38B22D1E9B2002D2B4B /* ProgressView.swift in Sources */ = {isa = PBXBuildFile; fileRef = 465CB38822D1E9B2002D2B4B /* ProgressView.swift */; };
		465CB38C22D1E9B2002D2B4B /* ProgressView.xib in Resources */ = {isa = PBXBuildFile; fileRef = 465CB38922D1E9B2002D2B4B /* ProgressView.xib */; };
		465CB38F22D205BC002D2B4B /* ProfilePhotoViewModel.swift in Sources */ = {isa = PBXBuildFile; fileRef = 465CB38E22D205BC002D2B4B /* ProfilePhotoViewModel.swift */; };
		465CB39122D207A3002D2B4B /* ImageUploadManager.swift in Sources */ = {isa = PBXBuildFile; fileRef = 465CB39022D207A3002D2B4B /* ImageUploadManager.swift */; };
		465CB39622D26C3C002D2B4B /* HomeViewController.swift in Sources */ = {isa = PBXBuildFile; fileRef = 465CB39522D26C3C002D2B4B /* HomeViewController.swift */; };
		465CB39822D2811F002D2B4B /* LoginViewModel.swift in Sources */ = {isa = PBXBuildFile; fileRef = 465CB39722D2811F002D2B4B /* LoginViewModel.swift */; };
		465CB39B22D312FE002D2B4B /* ForgotPasswordViewController.swift in Sources */ = {isa = PBXBuildFile; fileRef = 465CB39A22D312FE002D2B4B /* ForgotPasswordViewController.swift */; };
		465CB39D22D3304F002D2B4B /* Friends.storyboard in Resources */ = {isa = PBXBuildFile; fileRef = 465CB39C22D3304F002D2B4B /* Friends.storyboard */; };
		465CB3A022D3319A002D2B4B /* CustomTabBarController.swift in Sources */ = {isa = PBXBuildFile; fileRef = 465CB39F22D3319A002D2B4B /* CustomTabBarController.swift */; };
		465FFFE222DA5865009D222A /* WhereViewController.swift in Sources */ = {isa = PBXBuildFile; fileRef = 465FFFE122DA5865009D222A /* WhereViewController.swift */; };
		465FFFE522DA5C36009D222A /* CreateModel.swift in Sources */ = {isa = PBXBuildFile; fileRef = 465FFFE422DA5C36009D222A /* CreateModel.swift */; };
		465FFFE722DB83FC009D222A /* Timeinterval + Date.swift in Sources */ = {isa = PBXBuildFile; fileRef = 465FFFE622DB83FC009D222A /* Timeinterval + Date.swift */; };
		465FFFEA22DB9FE3009D222A /* MRDatePicker.swift in Sources */ = {isa = PBXBuildFile; fileRef = 465FFFE822DB9FE3009D222A /* MRDatePicker.swift */; };
		465FFFEB22DB9FE3009D222A /* MRToolbar.swift in Sources */ = {isa = PBXBuildFile; fileRef = 465FFFE922DB9FE3009D222A /* MRToolbar.swift */; };
		465FFFEE22DCB7B6009D222A /* LocationViewController.swift in Sources */ = {isa = PBXBuildFile; fileRef = 465FFFED22DCB7B6009D222A /* LocationViewController.swift */; };
		465FFFF022DCBED5009D222A /* LocationManager.swift in Sources */ = {isa = PBXBuildFile; fileRef = 465FFFEF22DCBED5009D222A /* LocationManager.swift */; };
		465FFFF222DCFF13009D222A /* UISearchBar + Loader.swift in Sources */ = {isa = PBXBuildFile; fileRef = 465FFFF122DCFF13009D222A /* UISearchBar + Loader.swift */; };
		46ACC09122D9C28E0003973D /* Double + VideoTime.swift in Sources */ = {isa = PBXBuildFile; fileRef = 46ACC09022D9C28E0003973D /* Double + VideoTime.swift */; };
		46ACC09322D9D4CD0003973D /* OTPViewModel.swift in Sources */ = {isa = PBXBuildFile; fileRef = 46ACC09222D9D4CD0003973D /* OTPViewModel.swift */; };
		46ACC09522D9D8CD0003973D /* CustomBackTextField.swift in Sources */ = {isa = PBXBuildFile; fileRef = 46ACC09422D9D8CD0003973D /* CustomBackTextField.swift */; };
		46ACC09822D9F5BF0003973D /* WhenViewController.swift in Sources */ = {isa = PBXBuildFile; fileRef = 46ACC09722D9F5BF0003973D /* WhenViewController.swift */; };
		46ACC09C22DA1B380003973D /* CreatePageViewController.swift in Sources */ = {isa = PBXBuildFile; fileRef = 46ACC09B22DA1B380003973D /* CreatePageViewController.swift */; };
		46BCE38422356D2100CEC9C1 /* AppDelegate.swift in Sources */ = {isa = PBXBuildFile; fileRef = 46BCE38322356D2100CEC9C1 /* AppDelegate.swift */; };
		46BCE38922356D2100CEC9C1 /* Main.storyboard in Resources */ = {isa = PBXBuildFile; fileRef = 46BCE38722356D2100CEC9C1 /* Main.storyboard */; };
		46BCE38B22356D2400CEC9C1 /* Assets.xcassets in Resources */ = {isa = PBXBuildFile; fileRef = 46BCE38A22356D2400CEC9C1 /* Assets.xcassets */; };
		46BCE38E22356D2400CEC9C1 /* LaunchScreen.storyboard in Resources */ = {isa = PBXBuildFile; fileRef = 46BCE38C22356D2400CEC9C1 /* LaunchScreen.storyboard */; };
		46BCE398223578CF00CEC9C1 /* BaseProtocol.swift in Sources */ = {isa = PBXBuildFile; fileRef = 46BCE396223578CF00CEC9C1 /* BaseProtocol.swift */; };
		46BCE399223578CF00CEC9C1 /* BaseViewController.swift in Sources */ = {isa = PBXBuildFile; fileRef = 46BCE397223578CF00CEC9C1 /* BaseViewController.swift */; };
		46BCE39C22357A0D00CEC9C1 /* UserModel.swift in Sources */ = {isa = PBXBuildFile; fileRef = 46BCE39B22357A0D00CEC9C1 /* UserModel.swift */; };
		46BCE3A022357A2100CEC9C1 /* FlowManager.swift in Sources */ = {isa = PBXBuildFile; fileRef = 46BCE39E22357A2100CEC9C1 /* FlowManager.swift */; };
		46BCE3A122357A2100CEC9C1 /* ValidationController.swift in Sources */ = {isa = PBXBuildFile; fileRef = 46BCE39F22357A2100CEC9C1 /* ValidationController.swift */; };
		46BCE3BF22357A3100CEC9C1 /* ActionSheetProtocol.swift in Sources */ = {isa = PBXBuildFile; fileRef = 46BCE3A422357A3100CEC9C1 /* ActionSheetProtocol.swift */; };
		46BCE3C022357A3100CEC9C1 /* ImagePickerProtocol.swift in Sources */ = {isa = PBXBuildFile; fileRef = 46BCE3A522357A3100CEC9C1 /* ImagePickerProtocol.swift */; };
		46BCE3C122357A3100CEC9C1 /* TableViewHeaderFooterResizeProtocol.swift in Sources */ = {isa = PBXBuildFile; fileRef = 46BCE3A622357A3100CEC9C1 /* TableViewHeaderFooterResizeProtocol.swift */; };
		46BCE3C222357A3100CEC9C1 /* AlertProtocol.swift in Sources */ = {isa = PBXBuildFile; fileRef = 46BCE3A722357A3100CEC9C1 /* AlertProtocol.swift */; };
		46BCE3C322357A3100CEC9C1 /* KeyboardHandler.swift in Sources */ = {isa = PBXBuildFile; fileRef = 46BCE3A822357A3100CEC9C1 /* KeyboardHandler.swift */; };
		46BCE3C422357A3100CEC9C1 /* AuthorizationProtocol.swift in Sources */ = {isa = PBXBuildFile; fileRef = 46BCE3A922357A3100CEC9C1 /* AuthorizationProtocol.swift */; };
		46BCE3C522357A3100CEC9C1 /* Constants.swift in Sources */ = {isa = PBXBuildFile; fileRef = 46BCE3AA22357A3100CEC9C1 /* Constants.swift */; };
		46BCE3C622357A3100CEC9C1 /* Utilities.swift in Sources */ = {isa = PBXBuildFile; fileRef = 46BCE3AB22357A3100CEC9C1 /* Utilities.swift */; };
		46BCE3C722357A3100CEC9C1 /* StringConstants.swift in Sources */ = {isa = PBXBuildFile; fileRef = 46BCE3AC22357A3100CEC9C1 /* StringConstants.swift */; };
		46BCE3C822357A3100CEC9C1 /* APIManager + EndPoints.swift in Sources */ = {isa = PBXBuildFile; fileRef = 46BCE3AE22357A3100CEC9C1 /* APIManager + EndPoints.swift */; };
		46BCE3C922357A3100CEC9C1 /* APIManager.swift in Sources */ = {isa = PBXBuildFile; fileRef = 46BCE3AF22357A3100CEC9C1 /* APIManager.swift */; };
		46BCE3CA22357A3100CEC9C1 /* NetworkingManager.swift in Sources */ = {isa = PBXBuildFile; fileRef = 46BCE3B022357A3100CEC9C1 /* NetworkingManager.swift */; };
		46BCE3CB22357A3100CEC9C1 /* CustomFonts.swift in Sources */ = {isa = PBXBuildFile; fileRef = 46BCE3B122357A3100CEC9C1 /* CustomFonts.swift */; };
		46BCE3CC22357A3100CEC9C1 /* UIImageView + Download.swift in Sources */ = {isa = PBXBuildFile; fileRef = 46BCE3B322357A3100CEC9C1 /* UIImageView + Download.swift */; };
		46BCE3CD22357A3100CEC9C1 /* UITextField + General.swift in Sources */ = {isa = PBXBuildFile; fileRef = 46BCE3B422357A3100CEC9C1 /* UITextField + General.swift */; };
		46BCE3CE22357A3100CEC9C1 /* View + GeneralEnhancements.swift in Sources */ = {isa = PBXBuildFile; fileRef = 46BCE3B522357A3100CEC9C1 /* View + GeneralEnhancements.swift */; };
		46BCE3CF22357A3100CEC9C1 /* String + General.swift in Sources */ = {isa = PBXBuildFile; fileRef = 46BCE3B622357A3100CEC9C1 /* String + General.swift */; };
		46BCE3D022357A3100CEC9C1 /* UIViewController + General.swift in Sources */ = {isa = PBXBuildFile; fileRef = 46BCE3B722357A3100CEC9C1 /* UIViewController + General.swift */; };
		46BCE3D122357A3100CEC9C1 /* Storyboards.swift in Sources */ = {isa = PBXBuildFile; fileRef = 46BCE3B822357A3100CEC9C1 /* Storyboards.swift */; };
		46BCE3D222357A3100CEC9C1 /* Defaults.swift in Sources */ = {isa = PBXBuildFile; fileRef = 46BCE3B922357A3100CEC9C1 /* Defaults.swift */; };
		46BCE3D422357A3100CEC9C1 /* Colors.swift in Sources */ = {isa = PBXBuildFile; fileRef = 46BCE3BE22357A3100CEC9C1 /* Colors.swift */; };
		46BCE3E622357A9A00CEC9C1 /* Localizable.strings in Resources */ = {isa = PBXBuildFile; fileRef = 46BCE3E522357A9A00CEC9C1 /* Localizable.strings */; };
		46BCE3E9223580F600CEC9C1 /* Binder.swift in Sources */ = {isa = PBXBuildFile; fileRef = 46BCE3E8223580F600CEC9C1 /* Binder.swift */; };
		46BCE3F12235816D00CEC9C1 /* MRActivityIndicator.m in Sources */ = {isa = PBXBuildFile; fileRef = 46BCE3F02235816D00CEC9C1 /* MRActivityIndicator.m */; };
		46BCE3F922363F7C00CEC9C1 /* PreLogin.storyboard in Resources */ = {isa = PBXBuildFile; fileRef = 46BCE3F822363F7C00CEC9C1 /* PreLogin.storyboard */; };
		46BCE3FC2236487200CEC9C1 /* LoginViewController.swift in Sources */ = {isa = PBXBuildFile; fileRef = 46BCE3FB2236487200CEC9C1 /* LoginViewController.swift */; };
		46BCE402223B9E6300CEC9C1 /* MRTextField.swift in Sources */ = {isa = PBXBuildFile; fileRef = 46BCE401223B9E6300CEC9C1 /* MRTextField.swift */; };
		46BCE404223B9EAB00CEC9C1 /* MRAnimatingButton.swift in Sources */ = {isa = PBXBuildFile; fileRef = 46BCE403223B9EAA00CEC9C1 /* MRAnimatingButton.swift */; };
/* End PBXBuildFile section */

/* Begin PBXFileReference section */
		378FA50C051AFC5CB5C9D58A /* Pods-Memory.release.xcconfig */ = {isa = PBXFileReference; includeInIndex = 1; lastKnownFileType = text.xcconfig; name = "Pods-Memory.release.xcconfig"; path = "Target Support Files/Pods-Memory/Pods-Memory.release.xcconfig"; sourceTree = "<group>"; };
		437BFD79EFB89FEB73BDBD6B /* Pods-Memory.debug.xcconfig */ = {isa = PBXFileReference; includeInIndex = 1; lastKnownFileType = text.xcconfig; name = "Pods-Memory.debug.xcconfig"; path = "Target Support Files/Pods-Memory/Pods-Memory.debug.xcconfig"; sourceTree = "<group>"; };
		464EEF9E223E63A500C6A40D /* SignUpViewController.swift */ = {isa = PBXFileReference; lastKnownFileType = sourcecode.swift; path = SignUpViewController.swift; sourceTree = "<group>"; };
		464EEFA0223E95C400C6A40D /* SignUpViewModel.swift */ = {isa = PBXFileReference; lastKnownFileType = sourcecode.swift; path = SignUpViewModel.swift; sourceTree = "<group>"; };
		464EEFA3223E970A00C6A40D /* TextFieldTableViewCell.swift */ = {isa = PBXFileReference; lastKnownFileType = sourcecode.swift; path = TextFieldTableViewCell.swift; sourceTree = "<group>"; };
		464EEFA4223E970A00C6A40D /* TextFieldTableViewCell.xib */ = {isa = PBXFileReference; lastKnownFileType = file.xib; path = TextFieldTableViewCell.xib; sourceTree = "<group>"; };
		464EEFAC223EB56D00C6A40D /* TextFieldCellViewModel.swift */ = {isa = PBXFileReference; lastKnownFileType = sourcecode.swift; path = TextFieldCellViewModel.swift; sourceTree = "<group>"; };
		465A47B322D34F5700647EA6 /* Create.storyboard */ = {isa = PBXFileReference; lastKnownFileType = file.storyboard; path = Create.storyboard; sourceTree = "<group>"; };
		465A47B522D350B900647EA6 /* Explore.storyboard */ = {isa = PBXFileReference; lastKnownFileType = file.storyboard; path = Explore.storyboard; sourceTree = "<group>"; };
		465A47B822D35CF500647EA6 /* PhoneNumberViewController.swift */ = {isa = PBXFileReference; lastKnownFileType = sourcecode.swift; path = PhoneNumberViewController.swift; sourceTree = "<group>"; };
		465A47BD22D3C7C800647EA6 /* LoginToContinueViewController.swift */ = {isa = PBXFileReference; lastKnownFileType = sourcecode.swift; path = LoginToContinueViewController.swift; sourceTree = "<group>"; };
		465A47BF22D3CF5000647EA6 /* PhoneNumberViewModel.swift */ = {isa = PBXFileReference; lastKnownFileType = sourcecode.swift; path = PhoneNumberViewModel.swift; sourceTree = "<group>"; };
		465A47C122D4742F00647EA6 /* CountryData.json */ = {isa = PBXFileReference; lastKnownFileType = text.json; path = CountryData.json; sourceTree = "<group>"; };
		465A47C422D487B300647EA6 /* CountryCodeViewController.swift */ = {isa = PBXFileReference; lastKnownFileType = sourcecode.swift; path = CountryCodeViewController.swift; sourceTree = "<group>"; };
		465A47C622D49CC100647EA6 /* CountryCodeViewModel.swift */ = {isa = PBXFileReference; lastKnownFileType = sourcecode.swift; path = CountryCodeViewModel.swift; sourceTree = "<group>"; };
		465A47C922D49E6300647EA6 /* CountryCodeModel.swift */ = {isa = PBXFileReference; lastKnownFileType = sourcecode.swift; path = CountryCodeModel.swift; sourceTree = "<group>"; };
		465A47CC22D4A15300647EA6 /* CountryCodeTableCell.swift */ = {isa = PBXFileReference; lastKnownFileType = sourcecode.swift; path = CountryCodeTableCell.swift; sourceTree = "<group>"; };
		465A47CF22D5B5FA00647EA6 /* OTPViewController.swift */ = {isa = PBXFileReference; lastKnownFileType = sourcecode.swift; path = OTPViewController.swift; sourceTree = "<group>"; };
		465CB38022CFA49D002D2B4B /* VerificationView.swift */ = {isa = PBXFileReference; fileEncoding = 4; lastKnownFileType = sourcecode.swift; path = VerificationView.swift; sourceTree = "<group>"; };
		465CB38322D120FF002D2B4B /* ProfilePhotoViewController.swift */ = {isa = PBXFileReference; lastKnownFileType = sourcecode.swift; path = ProfilePhotoViewController.swift; sourceTree = "<group>"; };
		465CB38522D1C476002D2B4B /* AWSHandler.swift */ = {isa = PBXFileReference; fileEncoding = 4; lastKnownFileType = sourcecode.swift; path = AWSHandler.swift; sourceTree = "<group>"; };
		465CB38822D1E9B2002D2B4B /* ProgressView.swift */ = {isa = PBXFileReference; fileEncoding = 4; lastKnownFileType = sourcecode.swift; path = ProgressView.swift; sourceTree = "<group>"; };
		465CB38922D1E9B2002D2B4B /* ProgressView.xib */ = {isa = PBXFileReference; fileEncoding = 4; lastKnownFileType = file.xib; path = ProgressView.xib; sourceTree = "<group>"; };
		465CB38E22D205BC002D2B4B /* ProfilePhotoViewModel.swift */ = {isa = PBXFileReference; lastKnownFileType = sourcecode.swift; path = ProfilePhotoViewModel.swift; sourceTree = "<group>"; };
		465CB39022D207A3002D2B4B /* ImageUploadManager.swift */ = {isa = PBXFileReference; fileEncoding = 4; lastKnownFileType = sourcecode.swift; path = ImageUploadManager.swift; sourceTree = "<group>"; };
		465CB39522D26C3C002D2B4B /* HomeViewController.swift */ = {isa = PBXFileReference; lastKnownFileType = sourcecode.swift; path = HomeViewController.swift; sourceTree = "<group>"; };
		465CB39722D2811F002D2B4B /* LoginViewModel.swift */ = {isa = PBXFileReference; lastKnownFileType = sourcecode.swift; path = LoginViewModel.swift; sourceTree = "<group>"; };
		465CB39A22D312FE002D2B4B /* ForgotPasswordViewController.swift */ = {isa = PBXFileReference; lastKnownFileType = sourcecode.swift; path = ForgotPasswordViewController.swift; sourceTree = "<group>"; };
		465CB39C22D3304F002D2B4B /* Friends.storyboard */ = {isa = PBXFileReference; lastKnownFileType = file.storyboard; path = Friends.storyboard; sourceTree = "<group>"; };
		465CB39F22D3319A002D2B4B /* CustomTabBarController.swift */ = {isa = PBXFileReference; lastKnownFileType = sourcecode.swift; path = CustomTabBarController.swift; sourceTree = "<group>"; };
		465FFFE122DA5865009D222A /* WhereViewController.swift */ = {isa = PBXFileReference; lastKnownFileType = sourcecode.swift; path = WhereViewController.swift; sourceTree = "<group>"; };
		465FFFE422DA5C36009D222A /* CreateModel.swift */ = {isa = PBXFileReference; lastKnownFileType = sourcecode.swift; path = CreateModel.swift; sourceTree = "<group>"; };
		465FFFE622DB83FC009D222A /* Timeinterval + Date.swift */ = {isa = PBXFileReference; lastKnownFileType = sourcecode.swift; path = "Timeinterval + Date.swift"; sourceTree = "<group>"; };
		465FFFE822DB9FE3009D222A /* MRDatePicker.swift */ = {isa = PBXFileReference; fileEncoding = 4; lastKnownFileType = sourcecode.swift; path = MRDatePicker.swift; sourceTree = "<group>"; };
		465FFFE922DB9FE3009D222A /* MRToolbar.swift */ = {isa = PBXFileReference; fileEncoding = 4; lastKnownFileType = sourcecode.swift; path = MRToolbar.swift; sourceTree = "<group>"; };
		465FFFED22DCB7B6009D222A /* LocationViewController.swift */ = {isa = PBXFileReference; lastKnownFileType = sourcecode.swift; path = LocationViewController.swift; sourceTree = "<group>"; };
		465FFFEF22DCBED5009D222A /* LocationManager.swift */ = {isa = PBXFileReference; fileEncoding = 4; lastKnownFileType = sourcecode.swift; path = LocationManager.swift; sourceTree = "<group>"; };
		465FFFF122DCFF13009D222A /* UISearchBar + Loader.swift */ = {isa = PBXFileReference; lastKnownFileType = sourcecode.swift; path = "UISearchBar + Loader.swift"; sourceTree = "<group>"; };
		46ACC09022D9C28E0003973D /* Double + VideoTime.swift */ = {isa = PBXFileReference; fileEncoding = 4; lastKnownFileType = sourcecode.swift; path = "Double + VideoTime.swift"; sourceTree = "<group>"; };
		46ACC09222D9D4CD0003973D /* OTPViewModel.swift */ = {isa = PBXFileReference; lastKnownFileType = sourcecode.swift; path = OTPViewModel.swift; sourceTree = "<group>"; };
		46ACC09422D9D8CD0003973D /* CustomBackTextField.swift */ = {isa = PBXFileReference; lastKnownFileType = sourcecode.swift; path = CustomBackTextField.swift; sourceTree = "<group>"; };
		46ACC09722D9F5BF0003973D /* WhenViewController.swift */ = {isa = PBXFileReference; lastKnownFileType = sourcecode.swift; path = WhenViewController.swift; sourceTree = "<group>"; };
		46ACC09B22DA1B380003973D /* CreatePageViewController.swift */ = {isa = PBXFileReference; lastKnownFileType = sourcecode.swift; path = CreatePageViewController.swift; sourceTree = "<group>"; };
		46BCE38022356D2100CEC9C1 /* Memory.app */ = {isa = PBXFileReference; explicitFileType = wrapper.application; includeInIndex = 0; path = Memory.app; sourceTree = BUILT_PRODUCTS_DIR; };
		46BCE38322356D2100CEC9C1 /* AppDelegate.swift */ = {isa = PBXFileReference; lastKnownFileType = sourcecode.swift; path = AppDelegate.swift; sourceTree = "<group>"; };
		46BCE38822356D2100CEC9C1 /* Base */ = {isa = PBXFileReference; lastKnownFileType = file.storyboard; name = Base; path = Base.lproj/Main.storyboard; sourceTree = "<group>"; };
		46BCE38A22356D2400CEC9C1 /* Assets.xcassets */ = {isa = PBXFileReference; lastKnownFileType = folder.assetcatalog; path = Assets.xcassets; sourceTree = "<group>"; };
		46BCE38D22356D2400CEC9C1 /* Base */ = {isa = PBXFileReference; lastKnownFileType = file.storyboard; name = Base; path = Base.lproj/LaunchScreen.storyboard; sourceTree = "<group>"; };
		46BCE38F22356D2400CEC9C1 /* Info.plist */ = {isa = PBXFileReference; lastKnownFileType = text.plist.xml; path = Info.plist; sourceTree = "<group>"; };
		46BCE396223578CF00CEC9C1 /* BaseProtocol.swift */ = {isa = PBXFileReference; fileEncoding = 4; lastKnownFileType = sourcecode.swift; path = BaseProtocol.swift; sourceTree = "<group>"; };
		46BCE397223578CF00CEC9C1 /* BaseViewController.swift */ = {isa = PBXFileReference; fileEncoding = 4; lastKnownFileType = sourcecode.swift; path = BaseViewController.swift; sourceTree = "<group>"; };
		46BCE39B22357A0D00CEC9C1 /* UserModel.swift */ = {isa = PBXFileReference; fileEncoding = 4; lastKnownFileType = sourcecode.swift; path = UserModel.swift; sourceTree = "<group>"; };
		46BCE39E22357A2100CEC9C1 /* FlowManager.swift */ = {isa = PBXFileReference; fileEncoding = 4; lastKnownFileType = sourcecode.swift; path = FlowManager.swift; sourceTree = "<group>"; };
		46BCE39F22357A2100CEC9C1 /* ValidationController.swift */ = {isa = PBXFileReference; fileEncoding = 4; lastKnownFileType = sourcecode.swift; path = ValidationController.swift; sourceTree = "<group>"; };
		46BCE3A422357A3100CEC9C1 /* ActionSheetProtocol.swift */ = {isa = PBXFileReference; fileEncoding = 4; lastKnownFileType = sourcecode.swift; path = ActionSheetProtocol.swift; sourceTree = "<group>"; };
		46BCE3A522357A3100CEC9C1 /* ImagePickerProtocol.swift */ = {isa = PBXFileReference; fileEncoding = 4; lastKnownFileType = sourcecode.swift; path = ImagePickerProtocol.swift; sourceTree = "<group>"; };
		46BCE3A622357A3100CEC9C1 /* TableViewHeaderFooterResizeProtocol.swift */ = {isa = PBXFileReference; fileEncoding = 4; lastKnownFileType = sourcecode.swift; path = TableViewHeaderFooterResizeProtocol.swift; sourceTree = "<group>"; };
		46BCE3A722357A3100CEC9C1 /* AlertProtocol.swift */ = {isa = PBXFileReference; fileEncoding = 4; lastKnownFileType = sourcecode.swift; path = AlertProtocol.swift; sourceTree = "<group>"; };
		46BCE3A822357A3100CEC9C1 /* KeyboardHandler.swift */ = {isa = PBXFileReference; fileEncoding = 4; lastKnownFileType = sourcecode.swift; path = KeyboardHandler.swift; sourceTree = "<group>"; };
		46BCE3A922357A3100CEC9C1 /* AuthorizationProtocol.swift */ = {isa = PBXFileReference; fileEncoding = 4; lastKnownFileType = sourcecode.swift; path = AuthorizationProtocol.swift; sourceTree = "<group>"; };
		46BCE3AA22357A3100CEC9C1 /* Constants.swift */ = {isa = PBXFileReference; fileEncoding = 4; lastKnownFileType = sourcecode.swift; path = Constants.swift; sourceTree = "<group>"; };
		46BCE3AB22357A3100CEC9C1 /* Utilities.swift */ = {isa = PBXFileReference; fileEncoding = 4; lastKnownFileType = sourcecode.swift; path = Utilities.swift; sourceTree = "<group>"; };
		46BCE3AC22357A3100CEC9C1 /* StringConstants.swift */ = {isa = PBXFileReference; fileEncoding = 4; lastKnownFileType = sourcecode.swift; path = StringConstants.swift; sourceTree = "<group>"; };
		46BCE3AE22357A3100CEC9C1 /* APIManager + EndPoints.swift */ = {isa = PBXFileReference; fileEncoding = 4; lastKnownFileType = sourcecode.swift; path = "APIManager + EndPoints.swift"; sourceTree = "<group>"; };
		46BCE3AF22357A3100CEC9C1 /* APIManager.swift */ = {isa = PBXFileReference; fileEncoding = 4; lastKnownFileType = sourcecode.swift; path = APIManager.swift; sourceTree = "<group>"; };
		46BCE3B022357A3100CEC9C1 /* NetworkingManager.swift */ = {isa = PBXFileReference; fileEncoding = 4; lastKnownFileType = sourcecode.swift; path = NetworkingManager.swift; sourceTree = "<group>"; };
		46BCE3B122357A3100CEC9C1 /* CustomFonts.swift */ = {isa = PBXFileReference; fileEncoding = 4; lastKnownFileType = sourcecode.swift; path = CustomFonts.swift; sourceTree = "<group>"; };
		46BCE3B322357A3100CEC9C1 /* UIImageView + Download.swift */ = {isa = PBXFileReference; fileEncoding = 4; lastKnownFileType = sourcecode.swift; path = "UIImageView + Download.swift"; sourceTree = "<group>"; };
		46BCE3B422357A3100CEC9C1 /* UITextField + General.swift */ = {isa = PBXFileReference; fileEncoding = 4; lastKnownFileType = sourcecode.swift; path = "UITextField + General.swift"; sourceTree = "<group>"; };
		46BCE3B522357A3100CEC9C1 /* View + GeneralEnhancements.swift */ = {isa = PBXFileReference; fileEncoding = 4; lastKnownFileType = sourcecode.swift; path = "View + GeneralEnhancements.swift"; sourceTree = "<group>"; };
		46BCE3B622357A3100CEC9C1 /* String + General.swift */ = {isa = PBXFileReference; fileEncoding = 4; lastKnownFileType = sourcecode.swift; path = "String + General.swift"; sourceTree = "<group>"; };
		46BCE3B722357A3100CEC9C1 /* UIViewController + General.swift */ = {isa = PBXFileReference; fileEncoding = 4; lastKnownFileType = sourcecode.swift; path = "UIViewController + General.swift"; sourceTree = "<group>"; };
		46BCE3B822357A3100CEC9C1 /* Storyboards.swift */ = {isa = PBXFileReference; fileEncoding = 4; lastKnownFileType = sourcecode.swift; path = Storyboards.swift; sourceTree = "<group>"; };
		46BCE3B922357A3100CEC9C1 /* Defaults.swift */ = {isa = PBXFileReference; fileEncoding = 4; lastKnownFileType = sourcecode.swift; path = Defaults.swift; sourceTree = "<group>"; };
		46BCE3BE22357A3100CEC9C1 /* Colors.swift */ = {isa = PBXFileReference; fileEncoding = 4; lastKnownFileType = sourcecode.swift; path = Colors.swift; sourceTree = "<group>"; };
		46BCE3E522357A9A00CEC9C1 /* Localizable.strings */ = {isa = PBXFileReference; lastKnownFileType = text.plist.strings; path = Localizable.strings; sourceTree = "<group>"; };
		46BCE3E8223580F600CEC9C1 /* Binder.swift */ = {isa = PBXFileReference; fileEncoding = 4; lastKnownFileType = sourcecode.swift; path = Binder.swift; sourceTree = "<group>"; };
		46BCE3EE2235816C00CEC9C1 /* Memory-Bridging-Header.h */ = {isa = PBXFileReference; lastKnownFileType = sourcecode.c.h; path = "Memory-Bridging-Header.h"; sourceTree = "<group>"; };
		46BCE3EF2235816C00CEC9C1 /* MRActivityIndicator.h */ = {isa = PBXFileReference; fileEncoding = 4; lastKnownFileType = sourcecode.c.h; path = MRActivityIndicator.h; sourceTree = "<group>"; };
		46BCE3F02235816D00CEC9C1 /* MRActivityIndicator.m */ = {isa = PBXFileReference; fileEncoding = 4; lastKnownFileType = sourcecode.c.objc; path = MRActivityIndicator.m; sourceTree = "<group>"; };
		46BCE3F822363F7C00CEC9C1 /* PreLogin.storyboard */ = {isa = PBXFileReference; lastKnownFileType = file.storyboard; path = PreLogin.storyboard; sourceTree = "<group>"; };
		46BCE3FB2236487200CEC9C1 /* LoginViewController.swift */ = {isa = PBXFileReference; lastKnownFileType = sourcecode.swift; path = LoginViewController.swift; sourceTree = "<group>"; };
		46BCE401223B9E6300CEC9C1 /* MRTextField.swift */ = {isa = PBXFileReference; fileEncoding = 4; lastKnownFileType = sourcecode.swift; path = MRTextField.swift; sourceTree = "<group>"; };
		46BCE403223B9EAA00CEC9C1 /* MRAnimatingButton.swift */ = {isa = PBXFileReference; fileEncoding = 4; lastKnownFileType = sourcecode.swift; path = MRAnimatingButton.swift; sourceTree = "<group>"; };
		C7938299BEE333E1DB6C2E75 /* Pods_Memory.framework */ = {isa = PBXFileReference; explicitFileType = wrapper.framework; includeInIndex = 0; path = Pods_Memory.framework; sourceTree = BUILT_PRODUCTS_DIR; };
/* End PBXFileReference section */

/* Begin PBXFrameworksBuildPhase section */
		46BCE37D22356D2100CEC9C1 /* Frameworks */ = {
			isa = PBXFrameworksBuildPhase;
			buildActionMask = 2147483647;
			files = (
				0A9CB1AC5333EF3AAB258028 /* Pods_Memory.framework in Frameworks */,
			);
			runOnlyForDeploymentPostprocessing = 0;
		};
/* End PBXFrameworksBuildPhase section */

/* Begin PBXGroup section */
		14302354BE5D285968CE6903 /* Pods */ = {
			isa = PBXGroup;
			children = (
				437BFD79EFB89FEB73BDBD6B /* Pods-Memory.debug.xcconfig */,
				378FA50C051AFC5CB5C9D58A /* Pods-Memory.release.xcconfig */,
			);
			path = Pods;
			sourceTree = "<group>";
		};
		464EEF9D223E632200C6A40D /* Sign Up View Controller */ = {
			isa = PBXGroup;
			children = (
				464EEF9E223E63A500C6A40D /* SignUpViewController.swift */,
				464EEFA0223E95C400C6A40D /* SignUpViewModel.swift */,
			);
			path = "Sign Up View Controller";
			sourceTree = "<group>";
		};
		464EEFA7223E971000C6A40D /* Common Xib */ = {
			isa = PBXGroup;
			children = (
				464EEFAB223EB55300C6A40D /* TextFieldTableViewCell */,
			);
			path = "Common Xib";
			sourceTree = "<group>";
		};
		464EEFAB223EB55300C6A40D /* TextFieldTableViewCell */ = {
			isa = PBXGroup;
			children = (
				464EEFA3223E970A00C6A40D /* TextFieldTableViewCell.swift */,
				464EEFA4223E970A00C6A40D /* TextFieldTableViewCell.xib */,
				464EEFAC223EB56D00C6A40D /* TextFieldCellViewModel.swift */,
			);
			path = TextFieldTableViewCell;
			sourceTree = "<group>";
		};
		465A47B722D35BEF00647EA6 /* Create */ = {
			isa = PBXGroup;
			children = (
				465FFFE322DA5C2A009D222A /* Model */,
				465FFFEC22DCB559009D222A /* Location View Controller */,
				46ACC09D22DA1F350003973D /* Where View Controller */,
				46ACC09622D9F59D0003973D /* When View Controller */,
				46ACC09B22DA1B380003973D /* CreatePageViewController.swift */,
			);
			path = Create;
			sourceTree = "<group>";
		};
		465A47BA22D3C4BD00647EA6 /* Friends */ = {
			isa = PBXGroup;
			children = (
			);
			path = Friends;
			sourceTree = "<group>";
		};
		465A47BB22D3C78000647EA6 /* Phone Number Verification */ = {
			isa = PBXGroup;
			children = (
				465A47B822D35CF500647EA6 /* PhoneNumberViewController.swift */,
				465A47BF22D3CF5000647EA6 /* PhoneNumberViewModel.swift */,
			);
			path = "Phone Number Verification";
			sourceTree = "<group>";
		};
		465A47BC22D3C79100647EA6 /* Login Continue */ = {
			isa = PBXGroup;
			children = (
				465A47BD22D3C7C800647EA6 /* LoginToContinueViewController.swift */,
			);
			path = "Login Continue";
			sourceTree = "<group>";
		};
		465A47C322D4852500647EA6 /* Country Code View Controller */ = {
			isa = PBXGroup;
			children = (
				465A47CB22D4A11400647EA6 /* Prototype Cells */,
				465A47C822D49E4900647EA6 /* Model */,
				465A47C422D487B300647EA6 /* CountryCodeViewController.swift */,
				465A47C622D49CC100647EA6 /* CountryCodeViewModel.swift */,
			);
			path = "Country Code View Controller";
			sourceTree = "<group>";
		};
		465A47C822D49E4900647EA6 /* Model */ = {
			isa = PBXGroup;
			children = (
				465A47C922D49E6300647EA6 /* CountryCodeModel.swift */,
			);
			path = Model;
			sourceTree = "<group>";
		};
		465A47CB22D4A11400647EA6 /* Prototype Cells */ = {
			isa = PBXGroup;
			children = (
				465A47CC22D4A15300647EA6 /* CountryCodeTableCell.swift */,
			);
			path = "Prototype Cells";
			sourceTree = "<group>";
		};
		465A47CE22D5B5DB00647EA6 /* OTP Verification */ = {
			isa = PBXGroup;
			children = (
				465A47CF22D5B5FA00647EA6 /* OTPViewController.swift */,
				46ACC09222D9D4CD0003973D /* OTPViewModel.swift */,
			);
			path = "OTP Verification";
			sourceTree = "<group>";
		};
		465CB38222D120DE002D2B4B /* Profile Photo View Controller */ = {
			isa = PBXGroup;
			children = (
				465CB38322D120FF002D2B4B /* ProfilePhotoViewController.swift */,
				465CB38E22D205BC002D2B4B /* ProfilePhotoViewModel.swift */,
			);
			path = "Profile Photo View Controller";
			sourceTree = "<group>";
		};
		465CB38722D1E9B2002D2B4B /* Progress View */ = {
			isa = PBXGroup;
			children = (
				465CB38822D1E9B2002D2B4B /* ProgressView.swift */,
				465CB38922D1E9B2002D2B4B /* ProgressView.xib */,
			);
			path = "Progress View";
			sourceTree = "<group>";
		};
		465CB39222D26A44002D2B4B /* Explore  */ = {
			isa = PBXGroup;
			children = (
				465CB39522D26C3C002D2B4B /* HomeViewController.swift */,
			);
			path = "Explore ";
			sourceTree = "<group>";
		};
		465CB39922D30D29002D2B4B /* Forgot Password View Controller */ = {
			isa = PBXGroup;
			children = (
				465CB39A22D312FE002D2B4B /* ForgotPasswordViewController.swift */,
			);
			path = "Forgot Password View Controller";
			sourceTree = "<group>";
		};
		465CB39E22D33099002D2B4B /* Main */ = {
			isa = PBXGroup;
			children = (
				465A47CE22D5B5DB00647EA6 /* OTP Verification */,
				465A47C322D4852500647EA6 /* Country Code View Controller */,
				465A47BC22D3C79100647EA6 /* Login Continue */,
				465A47BB22D3C78000647EA6 /* Phone Number Verification */,
				465CB39F22D3319A002D2B4B /* CustomTabBarController.swift */,
			);
			path = Main;
			sourceTree = "<group>";
		};
		465FFFE322DA5C2A009D222A /* Model */ = {
			isa = PBXGroup;
			children = (
				465FFFE422DA5C36009D222A /* CreateModel.swift */,
			);
			path = Model;
			sourceTree = "<group>";
		};
		465FFFEC22DCB559009D222A /* Location View Controller */ = {
			isa = PBXGroup;
			children = (
				465FFFED22DCB7B6009D222A /* LocationViewController.swift */,
			);
			path = "Location View Controller";
			sourceTree = "<group>";
		};
		46ACC09622D9F59D0003973D /* When View Controller */ = {
			isa = PBXGroup;
			children = (
				46ACC09722D9F5BF0003973D /* WhenViewController.swift */,
			);
			path = "When View Controller";
			sourceTree = "<group>";
		};
		46ACC09D22DA1F350003973D /* Where View Controller */ = {
			isa = PBXGroup;
			children = (
				465FFFE122DA5865009D222A /* WhereViewController.swift */,
			);
			path = "Where View Controller";
			sourceTree = "<group>";
		};
		46BCE37722356D2100CEC9C1 = {
			isa = PBXGroup;
			children = (
				46BCE38222356D2100CEC9C1 /* Memory */,
				46BCE38122356D2100CEC9C1 /* Products */,
				14302354BE5D285968CE6903 /* Pods */,
				5C435BCFBB900C1FCE65FB32 /* Frameworks */,
			);
			sourceTree = "<group>";
		};
		46BCE38122356D2100CEC9C1 /* Products */ = {
			isa = PBXGroup;
			children = (
				46BCE38022356D2100CEC9C1 /* Memory.app */,
			);
			name = Products;
			sourceTree = "<group>";
		};
		46BCE38222356D2100CEC9C1 /* Memory */ = {
			isa = PBXGroup;
			children = (
				46BCE38322356D2100CEC9C1 /* AppDelegate.swift */,
				46BCE3D522357A5100CEC9C1 /* Storyboards */,
				46BCE3A222357A3100CEC9C1 /* Utilities */,
				46BCE39D22357A2100CEC9C1 /* Managers & Controllers */,
				464EEFA7223E971000C6A40D /* Common Xib */,
				46BCE39A22357A0D00CEC9C1 /* Common Models */,
				46BCE395223578BC00CEC9C1 /* ViewControllers */,
				46BCE3E422357A7000CEC9C1 /* Resources */,
			);
			path = Memory;
			sourceTree = "<group>";
		};
		46BCE395223578BC00CEC9C1 /* ViewControllers */ = {
			isa = PBXGroup;
			children = (
				46BCE396223578CF00CEC9C1 /* BaseProtocol.swift */,
				46BCE397223578CF00CEC9C1 /* BaseViewController.swift */,
				465A47BA22D3C4BD00647EA6 /* Friends */,
				465CB39E22D33099002D2B4B /* Main */,
				46BCE3FA2236485B00CEC9C1 /* Pre Login */,
				465CB39222D26A44002D2B4B /* Explore  */,
				465A47B722D35BEF00647EA6 /* Create */,
			);
			path = ViewControllers;
			sourceTree = "<group>";
		};
		46BCE39A22357A0D00CEC9C1 /* Common Models */ = {
			isa = PBXGroup;
			children = (
				46BCE39B22357A0D00CEC9C1 /* UserModel.swift */,
			);
			path = "Common Models";
			sourceTree = "<group>";
		};
		46BCE39D22357A2100CEC9C1 /* Managers & Controllers */ = {
			isa = PBXGroup;
			children = (
				465FFFEF22DCBED5009D222A /* LocationManager.swift */,
				46BCE39E22357A2100CEC9C1 /* FlowManager.swift */,
				465CB39022D207A3002D2B4B /* ImageUploadManager.swift */,
				46BCE39F22357A2100CEC9C1 /* ValidationController.swift */,
			);
			path = "Managers & Controllers";
			sourceTree = "<group>";
		};
		46BCE3A222357A3100CEC9C1 /* Utilities */ = {
			isa = PBXGroup;
			children = (
				46BCE3BA22357A3100CEC9C1 /* Custom Classes */,
				46BCE3B222357A3100CEC9C1 /* Genral Extensions */,
				46BCE3AD22357A3100CEC9C1 /* Networking */,
				46BCE3A322357A3100CEC9C1 /* General Protocols */,
				46BCE3AA22357A3100CEC9C1 /* Constants.swift */,
				46BCE3AB22357A3100CEC9C1 /* Utilities.swift */,
				46BCE3AC22357A3100CEC9C1 /* StringConstants.swift */,
				46BCE3B122357A3100CEC9C1 /* CustomFonts.swift */,
				46BCE3B822357A3100CEC9C1 /* Storyboards.swift */,
				46BCE3B922357A3100CEC9C1 /* Defaults.swift */,
				46BCE3BE22357A3100CEC9C1 /* Colors.swift */,
			);
			path = Utilities;
			sourceTree = "<group>";
		};
		46BCE3A322357A3100CEC9C1 /* General Protocols */ = {
			isa = PBXGroup;
			children = (
				46BCE3A422357A3100CEC9C1 /* ActionSheetProtocol.swift */,
				46BCE3A522357A3100CEC9C1 /* ImagePickerProtocol.swift */,
				46BCE3A622357A3100CEC9C1 /* TableViewHeaderFooterResizeProtocol.swift */,
				46BCE3A722357A3100CEC9C1 /* AlertProtocol.swift */,
				46BCE3A822357A3100CEC9C1 /* KeyboardHandler.swift */,
				46BCE3A922357A3100CEC9C1 /* AuthorizationProtocol.swift */,
			);
			path = "General Protocols";
			sourceTree = "<group>";
		};
		46BCE3AD22357A3100CEC9C1 /* Networking */ = {
			isa = PBXGroup;
			children = (
				465CB38522D1C476002D2B4B /* AWSHandler.swift */,
				46BCE3AE22357A3100CEC9C1 /* APIManager + EndPoints.swift */,
				46BCE3AF22357A3100CEC9C1 /* APIManager.swift */,
				46BCE3B022357A3100CEC9C1 /* NetworkingManager.swift */,
			);
			path = Networking;
			sourceTree = "<group>";
		};
		46BCE3B222357A3100CEC9C1 /* Genral Extensions */ = {
			isa = PBXGroup;
			children = (
				46ACC09022D9C28E0003973D /* Double + VideoTime.swift */,
				46BCE3B322357A3100CEC9C1 /* UIImageView + Download.swift */,
				46BCE3B422357A3100CEC9C1 /* UITextField + General.swift */,
				46BCE3B522357A3100CEC9C1 /* View + GeneralEnhancements.swift */,
				46BCE3B622357A3100CEC9C1 /* String + General.swift */,
				46BCE3B722357A3100CEC9C1 /* UIViewController + General.swift */,
				465FFFE622DB83FC009D222A /* Timeinterval + Date.swift */,
				465FFFF122DCFF13009D222A /* UISearchBar + Loader.swift */,
			);
			path = "Genral Extensions";
			sourceTree = "<group>";
		};
		46BCE3BA22357A3100CEC9C1 /* Custom Classes */ = {
			isa = PBXGroup;
			children = (
				465CB38722D1E9B2002D2B4B /* Progress View */,
				46BCE3EA2235815F00CEC9C1 /* Activity Indicator */,
				46BCE401223B9E6300CEC9C1 /* MRTextField.swift */,
				465FFFE822DB9FE3009D222A /* MRDatePicker.swift */,
				465FFFE922DB9FE3009D222A /* MRToolbar.swift */,
				465CB38022CFA49D002D2B4B /* VerificationView.swift */,
				46BCE403223B9EAA00CEC9C1 /* MRAnimatingButton.swift */,
				46BCE3E8223580F600CEC9C1 /* Binder.swift */,
				46ACC09422D9D8CD0003973D /* CustomBackTextField.swift */,
			);
			path = "Custom Classes";
			sourceTree = "<group>";
		};
		46BCE3D522357A5100CEC9C1 /* Storyboards */ = {
			isa = PBXGroup;
			children = (
				46BCE38C22356D2400CEC9C1 /* LaunchScreen.storyboard */,
				46BCE38722356D2100CEC9C1 /* Main.storyboard */,
				46BCE3F822363F7C00CEC9C1 /* PreLogin.storyboard */,
				465CB39C22D3304F002D2B4B /* Friends.storyboard */,
				465A47B322D34F5700647EA6 /* Create.storyboard */,
				465A47B522D350B900647EA6 /* Explore.storyboard */,
			);
			path = Storyboards;
			sourceTree = "<group>";
		};
		46BCE3E422357A7000CEC9C1 /* Resources */ = {
			isa = PBXGroup;
			children = (
				46BCE3EE2235816C00CEC9C1 /* Memory-Bridging-Header.h */,
				46BCE38F22356D2400CEC9C1 /* Info.plist */,
				46BCE38A22356D2400CEC9C1 /* Assets.xcassets */,
				46BCE3E522357A9A00CEC9C1 /* Localizable.strings */,
				465A47C122D4742F00647EA6 /* CountryData.json */,
			);
			path = Resources;
			sourceTree = "<group>";
		};
		46BCE3EA2235815F00CEC9C1 /* Activity Indicator */ = {
			isa = PBXGroup;
			children = (
				46BCE3EF2235816C00CEC9C1 /* MRActivityIndicator.h */,
				46BCE3F02235816D00CEC9C1 /* MRActivityIndicator.m */,
			);
			path = "Activity Indicator";
			sourceTree = "<group>";
		};
		46BCE3FA2236485B00CEC9C1 /* Pre Login */ = {
			isa = PBXGroup;
			children = (
				465CB39922D30D29002D2B4B /* Forgot Password View Controller */,
				465CB38222D120DE002D2B4B /* Profile Photo View Controller */,
				464EEF9D223E632200C6A40D /* Sign Up View Controller */,
				46BCE3FD2236487600CEC9C1 /* Login View Controller */,
			);
			path = "Pre Login";
			sourceTree = "<group>";
		};
		46BCE3FD2236487600CEC9C1 /* Login View Controller */ = {
			isa = PBXGroup;
			children = (
				46BCE3FB2236487200CEC9C1 /* LoginViewController.swift */,
				465CB39722D2811F002D2B4B /* LoginViewModel.swift */,
			);
			path = "Login View Controller";
			sourceTree = "<group>";
		};
		5C435BCFBB900C1FCE65FB32 /* Frameworks */ = {
			isa = PBXGroup;
			children = (
				C7938299BEE333E1DB6C2E75 /* Pods_Memory.framework */,
			);
			name = Frameworks;
			sourceTree = "<group>";
		};
/* End PBXGroup section */

/* Begin PBXNativeTarget section */
		46BCE37F22356D2100CEC9C1 /* Memory */ = {
			isa = PBXNativeTarget;
			buildConfigurationList = 46BCE39222356D2400CEC9C1 /* Build configuration list for PBXNativeTarget "Memory" */;
			buildPhases = (
				7082260D9C5348FD5EB92034 /* [CP] Check Pods Manifest.lock */,
				46BCE37C22356D2100CEC9C1 /* Sources */,
				46BCE37D22356D2100CEC9C1 /* Frameworks */,
				46BCE37E22356D2100CEC9C1 /* Resources */,
				09648578373F7203AF3EF15D /* [CP] Embed Pods Frameworks */,
				46BCE405223B9FA000CEC9C1 /* Run Script */,
			);
			buildRules = (
			);
			dependencies = (
			);
			name = Memory;
			productName = Memory;
			productReference = 46BCE38022356D2100CEC9C1 /* Memory.app */;
			productType = "com.apple.product-type.application";
		};
/* End PBXNativeTarget section */

/* Begin PBXProject section */
		46BCE37822356D2100CEC9C1 /* Project object */ = {
			isa = PBXProject;
			attributes = {
				LastSwiftUpdateCheck = 1010;
				LastUpgradeCheck = 1010;
				ORGANIZATIONNAME = "Mayank Rikh";
				TargetAttributes = {
					46BCE37F22356D2100CEC9C1 = {
						CreatedOnToolsVersion = 10.1;
						LastSwiftMigration = 1010;
					};
				};
			};
			buildConfigurationList = 46BCE37B22356D2100CEC9C1 /* Build configuration list for PBXProject "Memory" */;
			compatibilityVersion = "Xcode 9.3";
			developmentRegion = en;
			hasScannedForEncodings = 0;
			knownRegions = (
				en,
				Base,
			);
			mainGroup = 46BCE37722356D2100CEC9C1;
			productRefGroup = 46BCE38122356D2100CEC9C1 /* Products */;
			projectDirPath = "";
			projectRoot = "";
			targets = (
				46BCE37F22356D2100CEC9C1 /* Memory */,
			);
		};
/* End PBXProject section */

/* Begin PBXResourcesBuildPhase section */
		46BCE37E22356D2100CEC9C1 /* Resources */ = {
			isa = PBXResourcesBuildPhase;
			buildActionMask = 2147483647;
			files = (
				465A47C222D4742F00647EA6 /* CountryData.json in Resources */,
				46BCE38E22356D2400CEC9C1 /* LaunchScreen.storyboard in Resources */,
				465A47B422D34F5700647EA6 /* Create.storyboard in Resources */,
				465A47B622D350B900647EA6 /* Explore.storyboard in Resources */,
				465CB38C22D1E9B2002D2B4B /* ProgressView.xib in Resources */,
				46BCE3E622357A9A00CEC9C1 /* Localizable.strings in Resources */,
				46BCE38B22356D2400CEC9C1 /* Assets.xcassets in Resources */,
				46BCE38922356D2100CEC9C1 /* Main.storyboard in Resources */,
				464EEFA6223E970A00C6A40D /* TextFieldTableViewCell.xib in Resources */,
				46BCE3F922363F7C00CEC9C1 /* PreLogin.storyboard in Resources */,
				465CB39D22D3304F002D2B4B /* Friends.storyboard in Resources */,
			);
			runOnlyForDeploymentPostprocessing = 0;
		};
/* End PBXResourcesBuildPhase section */

/* Begin PBXShellScriptBuildPhase section */
		09648578373F7203AF3EF15D /* [CP] Embed Pods Frameworks */ = {
			isa = PBXShellScriptBuildPhase;
			buildActionMask = 2147483647;
			files = (
			);
			inputFileListPaths = (
				"${PODS_ROOT}/Target Support Files/Pods-Memory/Pods-Memory-frameworks-${CONFIGURATION}-input-files.xcfilelist",
			);
			name = "[CP] Embed Pods Frameworks";
			outputFileListPaths = (
				"${PODS_ROOT}/Target Support Files/Pods-Memory/Pods-Memory-frameworks-${CONFIGURATION}-output-files.xcfilelist",
			);
			runOnlyForDeploymentPostprocessing = 0;
			shellPath = /bin/sh;
			shellScript = "\"${PODS_ROOT}/Target Support Files/Pods-Memory/Pods-Memory-frameworks.sh\"\n";
			showEnvVarsInLog = 0;
		};
		46BCE405223B9FA000CEC9C1 /* Run Script */ = {
			isa = PBXShellScriptBuildPhase;
			buildActionMask = 2147483647;
			files = (
			);
			inputFileListPaths = (
			);
			inputPaths = (
				"$(BUILT_PRODUCTS_DIR)/$(INFOPLIST_PATH)",
			);
			name = "Run Script";
			outputFileListPaths = (
			);
			outputPaths = (
			);
			runOnlyForDeploymentPostprocessing = 0;
			shellPath = /bin/sh;
			shellScript = "\"${PODS_ROOT}/Fabric/run\" 35a375a83ed37abbe1f3c40b8e4baa72b67a1d9d 113a88bbf63fefe22f1c72a141b6abca27ec5388c8d78dd9f8916c0c6cbabf22\n";
		};
		7082260D9C5348FD5EB92034 /* [CP] Check Pods Manifest.lock */ = {
			isa = PBXShellScriptBuildPhase;
			buildActionMask = 2147483647;
			files = (
			);
			inputFileListPaths = (
			);
			inputPaths = (
				"${PODS_PODFILE_DIR_PATH}/Podfile.lock",
				"${PODS_ROOT}/Manifest.lock",
			);
			name = "[CP] Check Pods Manifest.lock";
			outputFileListPaths = (
			);
			outputPaths = (
				"$(DERIVED_FILE_DIR)/Pods-Memory-checkManifestLockResult.txt",
			);
			runOnlyForDeploymentPostprocessing = 0;
			shellPath = /bin/sh;
			shellScript = "diff \"${PODS_PODFILE_DIR_PATH}/Podfile.lock\" \"${PODS_ROOT}/Manifest.lock\" > /dev/null\nif [ $? != 0 ] ; then\n    # print error to STDERR\n    echo \"error: The sandbox is not in sync with the Podfile.lock. Run 'pod install' or update your CocoaPods installation.\" >&2\n    exit 1\nfi\n# This output is used by Xcode 'outputs' to avoid re-running this script phase.\necho \"SUCCESS\" > \"${SCRIPT_OUTPUT_FILE_0}\"\n";
			showEnvVarsInLog = 0;
		};
/* End PBXShellScriptBuildPhase section */

/* Begin PBXSourcesBuildPhase section */
		46BCE37C22356D2100CEC9C1 /* Sources */ = {
			isa = PBXSourcesBuildPhase;
			buildActionMask = 2147483647;
			files = (
				465FFFE522DA5C36009D222A /* CreateModel.swift in Sources */,
				464EEF9F223E63A500C6A40D /* SignUpViewController.swift in Sources */,
				46BCE3D222357A3100CEC9C1 /* Defaults.swift in Sources */,
				465A47CD22D4A15300647EA6 /* CountryCodeTableCell.swift in Sources */,
				465CB38122CFA49E002D2B4B /* VerificationView.swift in Sources */,
				46BCE398223578CF00CEC9C1 /* BaseProtocol.swift in Sources */,
				46BCE3C222357A3100CEC9C1 /* AlertProtocol.swift in Sources */,
				465A47CA22D49E6300647EA6 /* CountryCodeModel.swift in Sources */,
				46BCE3A022357A2100CEC9C1 /* FlowManager.swift in Sources */,
				46BCE3C622357A3100CEC9C1 /* Utilities.swift in Sources */,
				46BCE404223B9EAB00CEC9C1 /* MRAnimatingButton.swift in Sources */,
				46BCE3C722357A3100CEC9C1 /* StringConstants.swift in Sources */,
				46BCE3C322357A3100CEC9C1 /* KeyboardHandler.swift in Sources */,
				465FFFF222DCFF13009D222A /* UISearchBar + Loader.swift in Sources */,
				465A47D022D5B5FA00647EA6 /* OTPViewController.swift in Sources */,
				465FFFF022DCBED5009D222A /* LocationManager.swift in Sources */,
				465CB38622D1C476002D2B4B /* AWSHandler.swift in Sources */,
				464EEFA5223E970A00C6A40D /* TextFieldTableViewCell.swift in Sources */,
				465A47C522D487B300647EA6 /* CountryCodeViewController.swift in Sources */,
				464EEFAD223EB56D00C6A40D /* TextFieldCellViewModel.swift in Sources */,
				46ACC09522D9D8CD0003973D /* CustomBackTextField.swift in Sources */,
				46ACC09822D9F5BF0003973D /* WhenViewController.swift in Sources */,
				465FFFEE22DCB7B6009D222A /* LocationViewController.swift in Sources */,
				46BCE3D022357A3100CEC9C1 /* UIViewController + General.swift in Sources */,
				46BCE3CC22357A3100CEC9C1 /* UIImageView + Download.swift in Sources */,
				46BCE399223578CF00CEC9C1 /* BaseViewController.swift in Sources */,
				46ACC09322D9D4CD0003973D /* OTPViewModel.swift in Sources */,
				465CB39122D207A3002D2B4B /* ImageUploadManager.swift in Sources */,
				46BCE3C122357A3100CEC9C1 /* TableViewHeaderFooterResizeProtocol.swift in Sources */,
				46BCE402223B9E6300CEC9C1 /* MRTextField.swift in Sources */,
				465CB39622D26C3C002D2B4B /* HomeViewController.swift in Sources */,
				465FFFEB22DB9FE3009D222A /* MRToolbar.swift in Sources */,
				46BCE3C822357A3100CEC9C1 /* APIManager + EndPoints.swift in Sources */,
				465FFFEA22DB9FE3009D222A /* MRDatePicker.swift in Sources */,
				46BCE3CA22357A3100CEC9C1 /* NetworkingManager.swift in Sources */,
				465CB38F22D205BC002D2B4B /* ProfilePhotoViewModel.swift in Sources */,
				46BCE3C022357A3100CEC9C1 /* ImagePickerProtocol.swift in Sources */,
				465CB39822D2811F002D2B4B /* LoginViewModel.swift in Sources */,
				465FFFE722DB83FC009D222A /* Timeinterval + Date.swift in Sources */,
				46BCE39C22357A0D00CEC9C1 /* UserModel.swift in Sources */,
				464EEFA1223E95C400C6A40D /* SignUpViewModel.swift in Sources */,
				465FFFE222DA5865009D222A /* WhereViewController.swift in Sources */,
				46BCE3C922357A3100CEC9C1 /* APIManager.swift in Sources */,
				46BCE3F12235816D00CEC9C1 /* MRActivityIndicator.m in Sources */,
				465A47B922D35CF500647EA6 /* PhoneNumberViewController.swift in Sources */,
				465CB38422D120FF002D2B4B /* ProfilePhotoViewController.swift in Sources */,
				46BCE3CF22357A3100CEC9C1 /* String + General.swift in Sources */,
				46BCE3BF22357A3100CEC9C1 /* ActionSheetProtocol.swift in Sources */,
				46ACC09C22DA1B380003973D /* CreatePageViewController.swift in Sources */,
				46ACC09122D9C28E0003973D /* Double + VideoTime.swift in Sources */,
				465A47C722D49CC100647EA6 /* CountryCodeViewModel.swift in Sources */,
				46BCE3D422357A3100CEC9C1 /* Colors.swift in Sources */,
				46BCE3CE22357A3100CEC9C1 /* View + GeneralEnhancements.swift in Sources */,
				465CB3A022D3319A002D2B4B /* CustomTabBarController.swift in Sources */,
				46BCE3FC2236487200CEC9C1 /* LoginViewController.swift in Sources */,
				46BCE3CD22357A3100CEC9C1 /* UITextField + General.swift in Sources */,
				46BCE3E9223580F600CEC9C1 /* Binder.swift in Sources */,
				46BCE3C422357A3100CEC9C1 /* AuthorizationProtocol.swift in Sources */,
				46BCE3C522357A3100CEC9C1 /* Constants.swift in Sources */,
				46BCE3D122357A3100CEC9C1 /* Storyboards.swift in Sources */,
				46BCE3CB22357A3100CEC9C1 /* CustomFonts.swift in Sources */,
				465CB39B22D312FE002D2B4B /* ForgotPasswordViewController.swift in Sources */,
				465CB38B22D1E9B2002D2B4B /* ProgressView.swift in Sources */,
				46BCE38422356D2100CEC9C1 /* AppDelegate.swift in Sources */,
				465A47BE22D3C7C800647EA6 /* LoginToContinueViewController.swift in Sources */,
				46BCE3A122357A2100CEC9C1 /* ValidationController.swift in Sources */,
				465A47C022D3CF5000647EA6 /* PhoneNumberViewModel.swift in Sources */,
			);
			runOnlyForDeploymentPostprocessing = 0;
		};
/* End PBXSourcesBuildPhase section */

/* Begin PBXVariantGroup section */
		46BCE38722356D2100CEC9C1 /* Main.storyboard */ = {
			isa = PBXVariantGroup;
			children = (
				46BCE38822356D2100CEC9C1 /* Base */,
			);
			name = Main.storyboard;
			sourceTree = "<group>";
		};
		46BCE38C22356D2400CEC9C1 /* LaunchScreen.storyboard */ = {
			isa = PBXVariantGroup;
			children = (
				46BCE38D22356D2400CEC9C1 /* Base */,
			);
			name = LaunchScreen.storyboard;
			sourceTree = "<group>";
		};
/* End PBXVariantGroup section */

/* Begin XCBuildConfiguration section */
		46BCE39022356D2400CEC9C1 /* Debug */ = {
			isa = XCBuildConfiguration;
			buildSettings = {
				ALWAYS_SEARCH_USER_PATHS = NO;
				CLANG_ANALYZER_NONNULL = YES;
				CLANG_ANALYZER_NUMBER_OBJECT_CONVERSION = YES_AGGRESSIVE;
				CLANG_CXX_LANGUAGE_STANDARD = "gnu++14";
				CLANG_CXX_LIBRARY = "libc++";
				CLANG_ENABLE_MODULES = YES;
				CLANG_ENABLE_OBJC_ARC = YES;
				CLANG_ENABLE_OBJC_WEAK = YES;
				CLANG_WARN_BLOCK_CAPTURE_AUTORELEASING = YES;
				CLANG_WARN_BOOL_CONVERSION = YES;
				CLANG_WARN_COMMA = YES;
				CLANG_WARN_CONSTANT_CONVERSION = YES;
				CLANG_WARN_DEPRECATED_OBJC_IMPLEMENTATIONS = YES;
				CLANG_WARN_DIRECT_OBJC_ISA_USAGE = YES_ERROR;
				CLANG_WARN_DOCUMENTATION_COMMENTS = YES;
				CLANG_WARN_EMPTY_BODY = YES;
				CLANG_WARN_ENUM_CONVERSION = YES;
				CLANG_WARN_INFINITE_RECURSION = YES;
				CLANG_WARN_INT_CONVERSION = YES;
				CLANG_WARN_NON_LITERAL_NULL_CONVERSION = YES;
				CLANG_WARN_OBJC_IMPLICIT_RETAIN_SELF = YES;
				CLANG_WARN_OBJC_LITERAL_CONVERSION = YES;
				CLANG_WARN_OBJC_ROOT_CLASS = YES_ERROR;
				CLANG_WARN_RANGE_LOOP_ANALYSIS = YES;
				CLANG_WARN_STRICT_PROTOTYPES = YES;
				CLANG_WARN_SUSPICIOUS_MOVE = YES;
				CLANG_WARN_UNGUARDED_AVAILABILITY = YES_AGGRESSIVE;
				CLANG_WARN_UNREACHABLE_CODE = YES;
				CLANG_WARN__DUPLICATE_METHOD_MATCH = YES;
				CODE_SIGN_IDENTITY = "iPhone Developer";
				COPY_PHASE_STRIP = NO;
				DEBUG_INFORMATION_FORMAT = dwarf;
				ENABLE_STRICT_OBJC_MSGSEND = YES;
				ENABLE_TESTABILITY = YES;
				GCC_C_LANGUAGE_STANDARD = gnu11;
				GCC_DYNAMIC_NO_PIC = NO;
				GCC_NO_COMMON_BLOCKS = YES;
				GCC_OPTIMIZATION_LEVEL = 0;
				GCC_PREPROCESSOR_DEFINITIONS = (
					"DEBUG=1",
					"$(inherited)",
				);
				GCC_WARN_64_TO_32_BIT_CONVERSION = YES;
				GCC_WARN_ABOUT_RETURN_TYPE = YES_ERROR;
				GCC_WARN_UNDECLARED_SELECTOR = YES;
				GCC_WARN_UNINITIALIZED_AUTOS = YES_AGGRESSIVE;
				GCC_WARN_UNUSED_FUNCTION = YES;
				GCC_WARN_UNUSED_VARIABLE = YES;
				IPHONEOS_DEPLOYMENT_TARGET = 12.1;
				MTL_ENABLE_DEBUG_INFO = INCLUDE_SOURCE;
				MTL_FAST_MATH = YES;
				ONLY_ACTIVE_ARCH = YES;
				SDKROOT = iphoneos;
				SWIFT_ACTIVE_COMPILATION_CONDITIONS = DEBUG;
				SWIFT_OPTIMIZATION_LEVEL = "-Onone";
			};
			name = Debug;
		};
		46BCE39122356D2400CEC9C1 /* Release */ = {
			isa = XCBuildConfiguration;
			buildSettings = {
				ALWAYS_SEARCH_USER_PATHS = NO;
				CLANG_ANALYZER_NONNULL = YES;
				CLANG_ANALYZER_NUMBER_OBJECT_CONVERSION = YES_AGGRESSIVE;
				CLANG_CXX_LANGUAGE_STANDARD = "gnu++14";
				CLANG_CXX_LIBRARY = "libc++";
				CLANG_ENABLE_MODULES = YES;
				CLANG_ENABLE_OBJC_ARC = YES;
				CLANG_ENABLE_OBJC_WEAK = YES;
				CLANG_WARN_BLOCK_CAPTURE_AUTORELEASING = YES;
				CLANG_WARN_BOOL_CONVERSION = YES;
				CLANG_WARN_COMMA = YES;
				CLANG_WARN_CONSTANT_CONVERSION = YES;
				CLANG_WARN_DEPRECATED_OBJC_IMPLEMENTATIONS = YES;
				CLANG_WARN_DIRECT_OBJC_ISA_USAGE = YES_ERROR;
				CLANG_WARN_DOCUMENTATION_COMMENTS = YES;
				CLANG_WARN_EMPTY_BODY = YES;
				CLANG_WARN_ENUM_CONVERSION = YES;
				CLANG_WARN_INFINITE_RECURSION = YES;
				CLANG_WARN_INT_CONVERSION = YES;
				CLANG_WARN_NON_LITERAL_NULL_CONVERSION = YES;
				CLANG_WARN_OBJC_IMPLICIT_RETAIN_SELF = YES;
				CLANG_WARN_OBJC_LITERAL_CONVERSION = YES;
				CLANG_WARN_OBJC_ROOT_CLASS = YES_ERROR;
				CLANG_WARN_RANGE_LOOP_ANALYSIS = YES;
				CLANG_WARN_STRICT_PROTOTYPES = YES;
				CLANG_WARN_SUSPICIOUS_MOVE = YES;
				CLANG_WARN_UNGUARDED_AVAILABILITY = YES_AGGRESSIVE;
				CLANG_WARN_UNREACHABLE_CODE = YES;
				CLANG_WARN__DUPLICATE_METHOD_MATCH = YES;
				CODE_SIGN_IDENTITY = "iPhone Developer";
				COPY_PHASE_STRIP = NO;
				DEBUG_INFORMATION_FORMAT = "dwarf-with-dsym";
				ENABLE_NS_ASSERTIONS = NO;
				ENABLE_STRICT_OBJC_MSGSEND = YES;
				GCC_C_LANGUAGE_STANDARD = gnu11;
				GCC_NO_COMMON_BLOCKS = YES;
				GCC_WARN_64_TO_32_BIT_CONVERSION = YES;
				GCC_WARN_ABOUT_RETURN_TYPE = YES_ERROR;
				GCC_WARN_UNDECLARED_SELECTOR = YES;
				GCC_WARN_UNINITIALIZED_AUTOS = YES_AGGRESSIVE;
				GCC_WARN_UNUSED_FUNCTION = YES;
				GCC_WARN_UNUSED_VARIABLE = YES;
				IPHONEOS_DEPLOYMENT_TARGET = 12.1;
				MTL_ENABLE_DEBUG_INFO = NO;
				MTL_FAST_MATH = YES;
				SDKROOT = iphoneos;
				SWIFT_COMPILATION_MODE = wholemodule;
				SWIFT_OPTIMIZATION_LEVEL = "-O";
				VALIDATE_PRODUCT = YES;
			};
			name = Release;
		};
		46BCE39322356D2400CEC9C1 /* Debug */ = {
			isa = XCBuildConfiguration;
			baseConfigurationReference = 437BFD79EFB89FEB73BDBD6B /* Pods-Memory.debug.xcconfig */;
			buildSettings = {
				ASSETCATALOG_COMPILER_APPICON_NAME = AppIcon;
				CLANG_ENABLE_MODULES = YES;
				CODE_SIGN_IDENTITY = "iPhone Developer";
				CODE_SIGN_STYLE = Automatic;
				DEBUG_INFORMATION_FORMAT = "dwarf-with-dsym";
				DEVELOPMENT_TEAM = NL38PKJFTM;
				INFOPLIST_FILE = "$(SRCROOT)/Memory/Resources/Info.plist";
				IPHONEOS_DEPLOYMENT_TARGET = 11.0;
				LD_RUNPATH_SEARCH_PATHS = (
					"$(inherited)",
					"@executable_path/Frameworks",
				);
				PRODUCT_BUNDLE_IDENTIFIER = com.mr.Memory;
				PRODUCT_NAME = "$(TARGET_NAME)";
				PROVISIONING_PROFILE_SPECIFIER = "";
				SWIFT_OBJC_BRIDGING_HEADER = "Memory/Resources/Memory-Bridging-Header.h";
				SWIFT_OPTIMIZATION_LEVEL = "-Onone";
				SWIFT_VERSION = 5.0;
				TARGETED_DEVICE_FAMILY = 1;
			};
			name = Debug;
		};
		46BCE39422356D2400CEC9C1 /* Release */ = {
			isa = XCBuildConfiguration;
			baseConfigurationReference = 378FA50C051AFC5CB5C9D58A /* Pods-Memory.release.xcconfig */;
			buildSettings = {
				ASSETCATALOG_COMPILER_APPICON_NAME = AppIcon;
				CLANG_ENABLE_MODULES = YES;
				CODE_SIGN_IDENTITY = "iPhone Developer";
				CODE_SIGN_STYLE = Automatic;
				DEVELOPMENT_TEAM = NL38PKJFTM;
				INFOPLIST_FILE = "$(SRCROOT)/Memory/Resources/Info.plist";
				IPHONEOS_DEPLOYMENT_TARGET = 11.0;
				LD_RUNPATH_SEARCH_PATHS = (
					"$(inherited)",
					"@executable_path/Frameworks",
				);
				PRODUCT_BUNDLE_IDENTIFIER = com.mr.Memory;
				PRODUCT_NAME = "$(TARGET_NAME)";
				PROVISIONING_PROFILE_SPECIFIER = "";
				SWIFT_OBJC_BRIDGING_HEADER = "Memory/Resources/Memory-Bridging-Header.h";
				SWIFT_VERSION = 5.0;
				TARGETED_DEVICE_FAMILY = 1;
			};
			name = Release;
		};
/* End XCBuildConfiguration section */

/* Begin XCConfigurationList section */
		46BCE37B22356D2100CEC9C1 /* Build configuration list for PBXProject "Memory" */ = {
			isa = XCConfigurationList;
			buildConfigurations = (
				46BCE39022356D2400CEC9C1 /* Debug */,
				46BCE39122356D2400CEC9C1 /* Release */,
			);
			defaultConfigurationIsVisible = 0;
			defaultConfigurationName = Release;
		};
		46BCE39222356D2400CEC9C1 /* Build configuration list for PBXNativeTarget "Memory" */ = {
			isa = XCConfigurationList;
			buildConfigurations = (
				46BCE39322356D2400CEC9C1 /* Debug */,
				46BCE39422356D2400CEC9C1 /* Release */,
			);
			defaultConfigurationIsVisible = 0;
			defaultConfigurationName = Release;
		};
/* End XCConfigurationList section */
	};
	rootObject = 46BCE37822356D2100CEC9C1 /* Project object */;
}
