PODS:
  - Alamofire (5.2.1)
  - AWSCore (2.13.4)
  - AWSS3 (2.13.4):
    - AWSCore (= 2.13.4)
  - CHIPageControl/Aleppo (0.2)
  - CropViewController (2.5.3)
  - DZNEmptyDataSet (1.8.1)
  - ESTabBarController-swift (2.8.0)
  - FlagKit (2.2)
  - FontAwesome.swift (1.9.0)
  - GoogleMaps (3.9.0):
    - GoogleMaps/Maps (= 3.9.0)
  - GoogleMaps/Base (3.9.0)
  - GoogleMaps/Maps (3.9.0):
    - GoogleMaps/Base
  - GooglePlaces (3.9.0):
    - GoogleMaps/Base (= 3.9.0)
  - KMPlaceholderTextView (1.4.0)
  - MRRadioButton (0.0.4)
  - MXParallaxHeader (1.1.0)
  - SDWebImage (5.8.1):
    - SDWebImage/Core (= 5.8.1)
  - SDWebImage/Core (5.8.1)
  - SwiftyJSON (5.0.0)

DEPENDENCIES:
  - Alamofire
  - AWSS3
  - CHIPageControl/Aleppo
  - CropViewController
  - DZNEmptyDataSet
  - ESTabBarController-swift
  - FlagKit
  - FontAwesome.swift
  - GoogleMaps
  - GooglePlaces
  - KMPlaceholderTextView
  - MRRadioButton
  - MXParallaxHeader
  - SDWebImage
  - SwiftyJSON

SPEC REPOS:
  trunk:
    - Alamofire
    - AWSCore
    - AWSS3
    - CHIPageControl
    - CropViewController
    - DZNEmptyDataSet
    - ESTabBarController-swift
    - FlagKit
    - FontAwesome.swift
    - GoogleMaps
    - GooglePlaces
    - KMPlaceholderTextView
    - MRRadioButton
    - MXParallaxHeader
    - SDWebImage
    - SwiftyJSON

SPEC CHECKSUMS:
  Alamofire: e911732990610fe89af59ac0077f923d72dc3dfd
  AWSCore: 06beea22b6bdbfe9f5ab5015c6901e8475c746a8
  AWSS3: ab3965322c8e5ee069eaf9b3201c55557ad21be1
  CHIPageControl: a787bf7205c9b7e7fbfc412be36c5e8636b68f86
  CropViewController: a5c143548a0fabcd6cc25f2d26e40460cfb8c78c
  DZNEmptyDataSet: 9525833b9e68ac21c30253e1d3d7076cc828eaa7
  ESTabBarController-swift: 05593a6ad64700b03c0eb60ff625916370aa4136
  FlagKit: eca7dc89064b0c986302ba9acefad1bf80a435b1
  FontAwesome.swift: a403b88cec950511745ba8f2decd1b6a07346d13
  GoogleMaps: 4b5346bddfe6911bb89155d43c903020170523ac
  GooglePlaces: 1634d019549b969d40fe0ccb0b9513055adebe01
  KMPlaceholderTextView: 2206c3df39979e9396e2d96fa9f427a8951121b0
  MRRadioButton: b337feb08d4ebadeb3a22947c47757d1992bd053
  MXParallaxHeader: de3c867e10ba46e8f6e20c8ee1f2a910372b3b94
  SDWebImage: e3eae2eda88578db0685a0c88597fdadd9433f05
  SwiftyJSON: 36413e04c44ee145039d332b4f4e2d3e8d6c4db7

PODFILE CHECKSUM: abfa68e07c51b9d84ca6cbe75a31c347d6f677ce

COCOAPODS: 1.8.4
